esphome:
  name: pmt_ttgo_esp32cam_patio_door_w_lock
  platform: ESP32
  board: esp-wrover-kit
wifi:
  ssid: "PonzNet"
  password: "gr3yskull"
  fast_connect: on
  manual_ip:
    static_ip: 10.0.1.201
    gateway: 10.0.0.1
    subnet: 255.255.254.0
    dns1: 10.0.0.1
    dns2: 192.168.0.1
# Enable logging
logger:
# Enable Home Assistant API
api:

ota:

time:
  - platform: homeassistant
    id: homeassistant_time
binary_sensor:
  - platform: gpio
    pin: GPIO19
    name: "pmt_e32cam_ttgo_PIR"
    device_class: motion
  - platform: gpio
    pin:
      number: GPIO0
      mode: INPUT_PULLUP
      inverted: True
    name: "pmt_e32cam_ttgo_Button"
sensor:
  - platform: wifi_signal
    name: "pmt_e32cam_ttgo_WiFi Signal"
    update_interval: 60s
i2c:
  sda: GPIO21
  scl: GPIO22
font:
  - file: "fonts/times-new-roman.ttf"
    id: tnr1
    size: 20
  - file: "fonts/times-new-roman.ttf"
    id: tnr2
    size: 35
display:
  - platform: ssd1306_i2c
    model: "SSD1306 128x64"
    address: 0x3C
    lambda: |-
      it.strftime(64, 0, id(tnr1), TextAlign::TOP_CENTER,"%d-%m-%Y", id(homeassistant_time).now());
      it.strftime(64, 64, id(tnr2), TextAlign::BASELINE_CENTER, "%H:%M", id(homeassistant_time).now());
esp32_camera:
  name: "pmt_e32cam_ttgo_Camera"
  external_clock:
    pin: GPIO4
    frequency: 40MHz
  i2c_pins:
    sda: GPIO18
    scl: GPIO23
  data_pins: [GPIO34, GPIO13, GPIO14, GPIO35, GPIO39, GPIO12, GPIO15, GPIO36]
  vsync_pin: GPIO5
  href_pin: GPIO27
  pixel_clock_pin: GPIO25
  vertical_flip: false
  horizontal_mirror: false
